Microsoft Visual Studio Solution File, Format Version 12.00
# Visual Studio 2012
Project("{FAE04EC0-301F-11D3-BF4B-00C04F79EFBC}") = "Local Image Liker", "Local Image Liker.csproj", "{443D805B-CDAB-43AB-81DE-7AEEE682865D}"
EndProject
Global
	GlobalSection(SolutionConfigurationPlatforms) = preSolution
	Debug|Any CPU = Debug|Any CPU
	ExportDebug|Any CPU = ExportDebug|Any CPU
	ExportRelease|Any CPU = ExportRelease|Any CPU
	EndGlobalSection
	GlobalSection(ProjectConfigurationPlatforms) = postSolution
		{443D805B-CDAB-43AB-81DE-7AEEE682865D}.Debug|Any CPU.ActiveCfg = Debug|Any CPU
		{443D805B-CDAB-43AB-81DE-7AEEE682865D}.Debug|Any CPU.Build.0 = Debug|Any CPU
		{443D805B-CDAB-43AB-81DE-7AEEE682865D}.ExportDebug|Any CPU.ActiveCfg = ExportDebug|Any CPU
		{443D805B-CDAB-43AB-81DE-7AEEE682865D}.ExportDebug|Any CPU.Build.0 = ExportDebug|Any CPU
		{443D805B-CDAB-43AB-81DE-7AEEE682865D}.ExportRelease|Any CPU.ActiveCfg = ExportRelease|Any CPU
		{443D805B-CDAB-43AB-81DE-7AEEE682865D}.ExportRelease|Any CPU.Build.0 = ExportRelease|Any CPU
	EndGlobalSection
EndGlobal
